// !$*UTF8*$!
{
	archiveVersion = 1;
	classes = {
	};
	objectVersion = 46;
	objects = {

/* Begin PBXBuildFile section */
		F4F5D2111E94375B0093899C /* test.cxx in Sources */ = {isa = PBXBuildFile; fileRef = F4F5D2101E94375B0093899C /* test.cxx */; };
/* End PBXBuildFile section */

/* Begin PBXContainerItemProxy section */
		F449471B1EA15B5300EDB4A6 /* PBXContainerItemProxy */ = {
			isa = PBXContainerItemProxy;
			containerPortal = F44947171EA15B5300EDB4A6 /* xyzzy.xcodeproj */;
			proxyType = 2;
			remoteGlobalIDString = F455C78B1E93F19A00F13033;
			remoteInfo = xyzzy;
		};
		F44947211EA15B6A00EDB4A6 /* PBXContainerItemProxy */ = {
			isa = PBXContainerItemProxy;
			containerPortal = F449471D1EA15B6A00EDB4A6 /* laolrt.xcodeproj */;
			proxyType = 2;
			remoteGlobalIDString = F455C7B91E93F6AE00F13033;
			remoteInfo = laolrt;
		};
		F44947251EA15C3E00EDB4A6 /* PBXContainerItemProxy */ = {
			isa = PBXContainerItemProxy;
			containerPortal = F449471D1EA15B6A00EDB4A6 /* laolrt.xcodeproj */;
			proxyType = 1;
			remoteGlobalIDString = F455C7B81E93F6AE00F13033;
			remoteInfo = laolrt;
		};
		F44947291EA15C4400EDB4A6 /* PBXContainerItemProxy */ = {
			isa = PBXContainerItemProxy;
			containerPortal = F44947171EA15B5300EDB4A6 /* xyzzy.xcodeproj */;
			proxyType = 1;
			remoteGlobalIDString = F455C78A1E93F19A00F13033;
			remoteInfo = xyzzy;
		};
/* End PBXContainerItemProxy section */

/* Begin PBXCopyFilesBuildPhase section */
		F4F5D2041E942CC10093899C /* CopyFiles */ = {
			isa = PBXCopyFilesBuildPhase;
			buildActionMask = 2147483647;
			dstPath = /usr/share/man/man1/;
			dstSubfolderSpec = 0;
			files = (
			);
			runOnlyForDeploymentPostprocessing = 1;
		};
/* End PBXCopyFilesBuildPhase section */

/* Begin PBXFileReference section */
		F44947171EA15B5300EDB4A6 /* xyzzy.xcodeproj */ = {isa = PBXFileReference; lastKnownFileType = "wrapper.pb-project"; name = xyzzy.xcodeproj; path = ../../../../xyzzy/xcode/xyzzy/xyzzy.xcodeproj; sourceTree = "<group>"; };
		F449471D1EA15B6A00EDB4A6 /* laolrt.xcodeproj */ = {isa = PBXFileReference; lastKnownFileType = "wrapper.pb-project"; name = laolrt.xcodeproj; path = ../laolrt/laolrt.xcodeproj; sourceTree = "<group>"; };
		F4F5D2061E942CC10093899C /* laolrt_test */ = {isa = PBXFileReference; explicitFileType = "compiled.mach-o.executable"; includeInIndex = 0; path = laolrt_test; sourceTree = BUILT_PRODUCTS_DIR; };
		F4F5D2101E94375B0093899C /* test.cxx */ = {isa = PBXFileReference; lastKnownFileType = sourcecode.cpp.cpp; name = test.cxx; path = ../../laolrt/laol/rt/tests/test.cxx; sourceTree = "<group>"; };
/* End PBXFileReference section */

/* Begin PBXFrameworksBuildPhase section */
		F4F5D2031E942CC10093899C /* Frameworks */ = {
			isa = PBXFrameworksBuildPhase;
			buildActionMask = 2147483647;
			files = (
			);
			runOnlyForDeploymentPostprocessing = 0;
		};
/* End PBXFrameworksBuildPhase section */

/* Begin PBXGroup section */
		F44947181EA15B5300EDB4A6 /* Products */ = {
			isa = PBXGroup;
			children = (
				F449471C1EA15B5300EDB4A6 /* xyzzy.a */,
			);
			name = Products;
			sourceTree = "<group>";
		};
		F449471E1EA15B6A00EDB4A6 /* Products */ = {
			isa = PBXGroup;
			children = (
				F44947221EA15B6A00EDB4A6 /* laolrt.a */,
			);
			name = Products;
			sourceTree = "<group>";
		};
		F4F5D1FD1E942CC10093899C = {
			isa = PBXGroup;
			children = (
				F449471D1EA15B6A00EDB4A6 /* laolrt.xcodeproj */,
				F44947171EA15B5300EDB4A6 /* xyzzy.xcodeproj */,
				F4F5D2101E94375B0093899C /* test.cxx */,
				F4F5D2071E942CC10093899C /* Products */,
			);
			sourceTree = "<group>";
		};
		F4F5D2071E942CC10093899C /* Products */ = {
			isa = PBXGroup;
			children = (
				F4F5D2061E942CC10093899C /* laolrt_test */,
			);
			name = Products;
			sourceTree = "<group>";
		};
/* End PBXGroup section */

/* Begin PBXNativeTarget section */
		F4F5D2051E942CC10093899C /* laolrt_test */ = {
			isa = PBXNativeTarget;
			buildConfigurationList = F4F5D20D1E942CC10093899C /* Build configuration list for PBXNativeTarget "laolrt_test" */;
			buildPhases = (
				F4F5D2021E942CC10093899C /* Sources */,
				F4F5D2031E942CC10093899C /* Frameworks */,
				F4F5D2041E942CC10093899C /* CopyFiles */,
			);
			buildRules = (
			);
			dependencies = (
				F449472A1EA15C4400EDB4A6 /* PBXTargetDependency */,
				F44947261EA15C3E00EDB4A6 /* PBXTargetDependency */,
			);
			name = laolrt_test;
			productName = laolrt_test;
			productReference = F4F5D2061E942CC10093899C /* laolrt_test */;
			productType = "com.apple.product-type.tool";
		};
/* End PBXNativeTarget section */

/* Begin PBXProject section */
		F4F5D1FE1E942CC10093899C /* Project object */ = {
			isa = PBXProject;
			attributes = {
				LastUpgradeCheck = 0830;
				ORGANIZATIONNAME = "Karl W Pfalzer";
				TargetAttributes = {
					F4F5D2051E942CC10093899C = {
						CreatedOnToolsVersion = 8.3;
						ProvisioningStyle = Automatic;
					};
				};
			};
			buildConfigurationList = F4F5D2011E942CC10093899C /* Build configuration list for PBXProject "laolrt_test" */;
			compatibilityVersion = "Xcode 3.2";
			developmentRegion = English;
			hasScannedForEncodings = 0;
			knownRegions = (
				en,
			);
			mainGroup = F4F5D1FD1E942CC10093899C;
			productRefGroup = F4F5D2071E942CC10093899C /* Products */;
			projectDirPath = "";
			projectReferences = (
				{
					ProductGroup = F449471E1EA15B6A00EDB4A6 /* Products */;
					ProjectRef = F449471D1EA15B6A00EDB4A6 /* laolrt.xcodeproj */;
				},
				{
					ProductGroup = F44947181EA15B5300EDB4A6 /* Products */;
					ProjectRef = F44947171EA15B5300EDB4A6 /* xyzzy.xcodeproj */;
				},
			);
			projectRoot = "";
			targets = (
				F4F5D2051E942CC10093899C /* laolrt_test */,
			);
		};
/* End PBXProject section */

/* Begin PBXReferenceProxy section */
		F449471C1EA15B5300EDB4A6 /* xyzzy.a */ = {
			isa = PBXReferenceProxy;
			fileType = archive.ar;
			path = xyzzy.a;
			remoteRef = F449471B1EA15B5300EDB4A6 /* PBXContainerItemProxy */;
			sourceTree = BUILT_PRODUCTS_DIR;
		};
		F44947221EA15B6A00EDB4A6 /* laolrt.a */ = {
			isa = PBXReferenceProxy;
			fileType = archive.ar;
			path = laolrt.a;
			remoteRef = F44947211EA15B6A00EDB4A6 /* PBXContainerItemProxy */;
			sourceTree = BUILT_PRODUCTS_DIR;
		};
/* End PBXReferenceProxy section */

/* Begin PBXSourcesBuildPhase section */
		F4F5D2021E942CC10093899C /* Sources */ = {
			isa = PBXSourcesBuildPhase;
			buildActionMask = 2147483647;
			files = (
				F4F5D2111E94375B0093899C /* test.cxx in Sources */,
			);
			runOnlyForDeploymentPostprocessing = 0;
		};
/* End PBXSourcesBuildPhase section */

/* Begin PBXTargetDependency section */
		F44947261EA15C3E00EDB4A6 /* PBXTargetDependency */ = {
			isa = PBXTargetDependency;
			name = laolrt;
			targetProxy = F44947251EA15C3E00EDB4A6 /* PBXContainerItemProxy */;
		};
		F449472A1EA15C4400EDB4A6 /* PBXTargetDependency */ = {
			isa = PBXTargetDependency;
			name = xyzzy;
			targetProxy = F44947291EA15C4400EDB4A6 /* PBXContainerItemProxy */;
		};
/* End PBXTargetDependency section */

/* Begin XCBuildConfiguration section */
		F4F5D20B1E942CC10093899C /* Debug */ = {
			isa = XCBuildConfiguration;
			buildSettings = {
				ALWAYS_SEARCH_USER_PATHS = NO;
				CLANG_ANALYZER_NONNULL = YES;
				CLANG_ANALYZER_NUMBER_OBJECT_CONVERSION = YES_AGGRESSIVE;
				CLANG_CXX_LANGUAGE_STANDARD = "gnu++0x";
				CLANG_CXX_LIBRARY = "libc++";
				CLANG_ENABLE_MODULES = YES;
				CLANG_ENABLE_OBJC_ARC = YES;
				CLANG_WARN_BOOL_CONVERSION = YES;
				CLANG_WARN_CONSTANT_CONVERSION = YES;
				CLANG_WARN_DIRECT_OBJC_ISA_USAGE = YES_ERROR;
				CLANG_WARN_DOCUMENTATION_COMMENTS = YES;
				CLANG_WARN_EMPTY_BODY = YES;
				CLANG_WARN_ENUM_CONVERSION = YES;
				CLANG_WARN_INFINITE_RECURSION = YES;
				CLANG_WARN_INT_CONVERSION = YES;
				CLANG_WARN_OBJC_ROOT_CLASS = YES_ERROR;
				CLANG_WARN_SUSPICIOUS_MOVE = YES;
				CLANG_WARN_UNREACHABLE_CODE = YES;
				CLANG_WARN__DUPLICATE_METHOD_MATCH = YES;
				CODE_SIGN_IDENTITY = "-";
				COPY_PHASE_STRIP = NO;
				DEBUG_INFORMATION_FORMAT = dwarf;
				ENABLE_STRICT_OBJC_MSGSEND = YES;
				ENABLE_TESTABILITY = YES;
				GCC_C_LANGUAGE_STANDARD = gnu99;
				GCC_DYNAMIC_NO_PIC = NO;
				GCC_NO_COMMON_BLOCKS = YES;
				GCC_OPTIMIZATION_LEVEL = 0;
				GCC_PREPROCESSOR_DEFINITIONS = (
					"DEBUG=1",
					"$(inherited)",
				);
				GCC_WARN_64_TO_32_BIT_CONVERSION = YES;
				GCC_WARN_ABOUT_RETURN_TYPE = YES_ERROR;
				GCC_WARN_UNDECLARED_SELECTOR = YES;
				GCC_WARN_UNINITIALIZED_AUTOS = YES_AGGRESSIVE;
				GCC_WARN_UNUSED_FUNCTION = YES;
				GCC_WARN_UNUSED_VARIABLE = YES;
				MACOSX_DEPLOYMENT_TARGET = 10.12;
				MTL_ENABLE_DEBUG_INFO = YES;
				ONLY_ACTIVE_ARCH = YES;
				SDKROOT = macosx;
			};
			name = Debug;
		};
		F4F5D20C1E942CC10093899C /* Release */ = {
			isa = XCBuildConfiguration;
			buildSettings = {
				ALWAYS_SEARCH_USER_PATHS = NO;
				CLANG_ANALYZER_NONNULL = YES;
				CLANG_ANALYZER_NUMBER_OBJECT_CONVERSION = YES_AGGRESSIVE;
				CLANG_CXX_LANGUAGE_STANDARD = "gnu++0x";
				CLANG_CXX_LIBRARY = "libc++";
				CLANG_ENABLE_MODULES = YES;
				CLANG_ENABLE_OBJC_ARC = YES;
				CLANG_WARN_BOOL_CONVERSION = YES;
				CLANG_WARN_CONSTANT_CONVERSION = YES;
				CLANG_WARN_DIRECT_OBJC_ISA_USAGE = YES_ERROR;
				CLANG_WARN_DOCUMENTATION_COMMENTS = YES;
				CLANG_WARN_EMPTY_BODY = YES;
				CLANG_WARN_ENUM_CONVERSION = YES;
				CLANG_WARN_INFINITE_RECURSION = YES;
				CLANG_WARN_INT_CONVERSION = YES;
				CLANG_WARN_OBJC_ROOT_CLASS = YES_ERROR;
				CLANG_WARN_SUSPICIOUS_MOVE = YES;
				CLANG_WARN_UNREACHABLE_CODE = YES;
				CLANG_WARN__DUPLICATE_METHOD_MATCH = YES;
				CODE_SIGN_IDENTITY = "-";
				COPY_PHASE_STRIP = NO;
				DEBUG_INFORMATION_FORMAT = "dwarf-with-dsym";
				ENABLE_NS_ASSERTIONS = NO;
				ENABLE_STRICT_OBJC_MSGSEND = YES;
				GCC_C_LANGUAGE_STANDARD = gnu99;
				GCC_NO_COMMON_BLOCKS = YES;
				GCC_WARN_64_TO_32_BIT_CONVERSION = YES;
				GCC_WARN_ABOUT_RETURN_TYPE = YES_ERROR;
				GCC_WARN_UNDECLARED_SELECTOR = YES;
				GCC_WARN_UNINITIALIZED_AUTOS = YES_AGGRESSIVE;
				GCC_WARN_UNUSED_FUNCTION = YES;
				GCC_WARN_UNUSED_VARIABLE = YES;
				MACOSX_DEPLOYMENT_TARGET = 10.12;
				MTL_ENABLE_DEBUG_INFO = NO;
				SDKROOT = macosx;
			};
			name = Release;
		};
		F4F5D20E1E942CC10093899C /* Debug */ = {
			isa = XCBuildConfiguration;
			buildSettings = {
				CLANG_CXX_LANGUAGE_STANDARD = "gnu++14";
				HEADER_SEARCH_PATHS = .;
				MACOSX_DEPLOYMENT_TARGET = 10.10;
				OTHER_LDFLAGS = (
					lib/debug/laolrt.a,
					lib/debug/xyzzy.a,
				);
				PRODUCT_NAME = "$(TARGET_NAME)";
			};
			name = Debug;
		};
		F4F5D20F1E942CC10093899C /* Release */ = {
			isa = XCBuildConfiguration;
			buildSettings = {
				CLANG_CXX_LANGUAGE_STANDARD = "gnu++14";
				HEADER_SEARCH_PATHS = .;
				MACOSX_DEPLOYMENT_TARGET = 10.10;
				PRODUCT_NAME = "$(TARGET_NAME)";
			};
			name = Release;
		};
/* End XCBuildConfiguration section */

/* Begin XCConfigurationList section */
		F4F5D2011E942CC10093899C /* Build configuration list for PBXProject "laolrt_test" */ = {
			isa = XCConfigurationList;
			buildConfigurations = (
				F4F5D20B1E942CC10093899C /* Debug */,
				F4F5D20C1E942CC10093899C /* Release */,
			);
			defaultConfigurationIsVisible = 0;
			defaultConfigurationName = Release;
		};
		F4F5D20D1E942CC10093899C /* Build configuration list for PBXNativeTarget "laolrt_test" */ = {
			isa = XCConfigurationList;
			buildConfigurations = (
				F4F5D20E1E942CC10093899C /* Debug */,
				F4F5D20F1E942CC10093899C /* Release */,
			);
			defaultConfigurationIsVisible = 0;
			defaultConfigurationName = Release;
		};
/* End XCConfigurationList section */
	};
	rootObject = F4F5D1FE1E942CC10093899C /* Project object */;
}
